
Microsoft Visual Studio Solution File, Format Version 12.00
# Visual Studio Version 16
VisualStudioVersion = 16.0.29806.167
MinimumVisualStudioVersion = 10.0.40219.1
Project("{FAE04EC0-301F-11D3-BF4B-00C04F79EFBC}") = "WebApp", "WebApp\WebApp.csproj", "{F37DA47A-9C9D-4828-95B0-033C1C260596}"
EndProject
Global
	GlobalSection(SolutionConfigurationPlatforms) = preSolution
		Debug|Any CPU = Debug|Any CPU
		Release|Any CPU = Release|Any CPU
	EndGlobalSection
	GlobalSection(ProjectConfigurationPlatforms) = postSolution
		{F37DA47A-9C9D-4828-95B0-033C1C260596}.Debug|Any CPU.ActiveCfg = Debug|Any CPU
		{F37DA47A-9C9D-4828-95B0-033C1C260596}.Debug|Any CPU.Build.0 = Debug|Any CPU
		{F37DA47A-9C9D-4828-95B0-033C1C260596}.Release|Any CPU.ActiveCfg = Release|Any CPU
		{F37DA47A-9C9D-4828-95B0-033C1C260596}.Release|Any CPU.Build.0 = Release|Any CPU
	EndGlobalSection
	GlobalSection(SolutionProperties) = preSolution
		HideSolutionNode = FALSE
	EndGlobalSection
	GlobalSection(ExtensibilityGlobals) = postSolution
		SolutionGuid = {E0789E45-A8E4-43E1-82C8-27A6F5C10BC0}
	EndGlobalSection
EndGlobal
